
Microsoft Visual Studio Solution File, Format Version 12.00
# Visual Studio Version 18
VisualStudioVersion = 18.0.11109.219
MinimumVisualStudioVersion = 10.0.40219.1
Project("{FAE04EC0-301F-11D3-BF4B-00C04F79EFBC}") = "MarketplaceSystem.Web.UI", "MarketplaceSystem.Web.UI\MarketplaceSystem.Web.UI.csproj", "{D27123A9-A2FA-4A7A-85FF-023C16B8D729}"
EndProject
Project("{FAE04EC0-301F-11D3-BF4B-00C04F79EFBC}") = "MarketplaceSystem.Web.UI.Admin", "MarketplaceSystem.Web.UI.Admin\MarketplaceSystem.Web.UI.Admin.csproj", "{33DB88F9-C0D7-487D-A30E-E40ADFF3DC3E}"
EndProject
Global
	GlobalSection(SolutionConfigurationPlatforms) = preSolution
		Debug|Any CPU = Debug|Any CPU
		Release|Any CPU = Release|Any CPU
	EndGlobalSection
	GlobalSection(ProjectConfigurationPlatforms) = postSolution
		{D27123A9-A2FA-4A7A-85FF-023C16B8D729}.Debug|Any CPU.ActiveCfg = Debug|Any CPU
		{D27123A9-A2FA-4A7A-85FF-023C16B8D729}.Debug|Any CPU.Build.0 = Debug|Any CPU
		{D27123A9-A2FA-4A7A-85FF-023C16B8D729}.Release|Any CPU.ActiveCfg = Release|Any CPU
		{D27123A9-A2FA-4A7A-85FF-023C16B8D729}.Release|Any CPU.Build.0 = Release|Any CPU
		{33DB88F9-C0D7-487D-A30E-E40ADFF3DC3E}.Debug|Any CPU.ActiveCfg = Debug|Any CPU
		{33DB88F9-C0D7-487D-A30E-E40ADFF3DC3E}.Debug|Any CPU.Build.0 = Debug|Any CPU
		{33DB88F9-C0D7-487D-A30E-E40ADFF3DC3E}.Release|Any CPU.ActiveCfg = Release|Any CPU
		{33DB88F9-C0D7-487D-A30E-E40ADFF3DC3E}.Release|Any CPU.Build.0 = Release|Any CPU
	EndGlobalSection
	GlobalSection(SolutionProperties) = preSolution
		HideSolutionNode = FALSE
	EndGlobalSection
	GlobalSection(ExtensibilityGlobals) = postSolution
		SolutionGuid = {AE83EE1A-5143-45D6-BE3E-DF88631130F8}
	EndGlobalSection
EndGlobal
