Microsoft Visual Studio Solution File, Format Version 12.00
# Visual Studio Version 17
VisualStudioVersion = 17.5.2.0
MinimumVisualStudioVersion = 10.0.40219.1
Project("{FAE04EC0-301F-11D3-BF4B-00C04F79EFBC}") = "MarketplaceSystem.Web.UI.Admin", "MarketplaceSystem.Web.UI.Admin.csproj", "{B44D2C71-3E21-5862-369B-58BAFFDE8C98}"
EndProject
Global
	GlobalSection(SolutionConfigurationPlatforms) = preSolution
		Debug|Any CPU = Debug|Any CPU
		Release|Any CPU = Release|Any CPU
	EndGlobalSection
	GlobalSection(ProjectConfigurationPlatforms) = postSolution
		{B44D2C71-3E21-5862-369B-58BAFFDE8C98}.Debug|Any CPU.ActiveCfg = Debug|Any CPU
		{B44D2C71-3E21-5862-369B-58BAFFDE8C98}.Debug|Any CPU.Build.0 = Debug|Any CPU
		{B44D2C71-3E21-5862-369B-58BAFFDE8C98}.Release|Any CPU.ActiveCfg = Release|Any CPU
		{B44D2C71-3E21-5862-369B-58BAFFDE8C98}.Release|Any CPU.Build.0 = Release|Any CPU
	EndGlobalSection
	GlobalSection(SolutionProperties) = preSolution
		HideSolutionNode = FALSE
	EndGlobalSection
	GlobalSection(ExtensibilityGlobals) = postSolution
		SolutionGuid = {6812C526-B688-4BDD-BF39-671B1C1B931B}
	EndGlobalSection
EndGlobal
